
Microsoft Visual Studio Solution File, Format Version 12.00
# Visual Studio 15
VisualStudioVersion = 15.0.26124.0
MinimumVisualStudioVersion = 15.0.26124.0
Project("{FAE04EC0-301F-11D3-BF4B-00C04F79EFBC}") = "API", "API\API.csproj", "{037115FE-9ACC-4272-BEEC-EEF12D1445BF}"
EndProject
Project("{FAE04EC0-301F-11D3-BF4B-00C04F79EFBC}") = "Application", "Application\Application.csproj", "{C5E5B8BA-5B46-4929-BCD2-4E5FDFBC9BC0}"
EndProject
Project("{FAE04EC0-301F-11D3-BF4B-00C04F79EFBC}") = "Domain", "Domain\Domain.csproj", "{9A4A2F2D-CB39-4D9B-A530-1DC75FF52B5B}"
EndProject
Project("{FAE04EC0-301F-11D3-BF4B-00C04F79EFBC}") = "Persistence", "Persistence\Persistence.csproj", "{D6A9AF27-ABB4-4F08-B974-8C05FD4E0490}"
EndProject
Global
	GlobalSection(SolutionConfigurationPlatforms) = preSolution
		Debug|Any CPU = Debug|Any CPU
		Debug|x64 = Debug|x64
		Debug|x86 = Debug|x86
		Release|Any CPU = Release|Any CPU
		Release|x64 = Release|x64
		Release|x86 = Release|x86
	EndGlobalSection
	GlobalSection(SolutionProperties) = preSolution
		HideSolutionNode = FALSE
	EndGlobalSection
	GlobalSection(ProjectConfigurationPlatforms) = postSolution
		{037115FE-9ACC-4272-BEEC-EEF12D1445BF}.Debug|Any CPU.ActiveCfg = Debug|Any CPU
		{037115FE-9ACC-4272-BEEC-EEF12D1445BF}.Debug|Any CPU.Build.0 = Debug|Any CPU
		{037115FE-9ACC-4272-BEEC-EEF12D1445BF}.Debug|x64.ActiveCfg = Debug|Any CPU
		{037115FE-9ACC-4272-BEEC-EEF12D1445BF}.Debug|x64.Build.0 = Debug|Any CPU
		{037115FE-9ACC-4272-BEEC-EEF12D1445BF}.Debug|x86.ActiveCfg = Debug|Any CPU
		{037115FE-9ACC-4272-BEEC-EEF12D1445BF}.Debug|x86.Build.0 = Debug|Any CPU
		{037115FE-9ACC-4272-BEEC-EEF12D1445BF}.Release|Any CPU.ActiveCfg = Release|Any CPU
		{037115FE-9ACC-4272-BEEC-EEF12D1445BF}.Release|Any CPU.Build.0 = Release|Any CPU
		{037115FE-9ACC-4272-BEEC-EEF12D1445BF}.Release|x64.ActiveCfg = Release|Any CPU
		{037115FE-9ACC-4272-BEEC-EEF12D1445BF}.Release|x64.Build.0 = Release|Any CPU
		{037115FE-9ACC-4272-BEEC-EEF12D1445BF}.Release|x86.ActiveCfg = Release|Any CPU
		{037115FE-9ACC-4272-BEEC-EEF12D1445BF}.Release|x86.Build.0 = Release|Any CPU
		{C5E5B8BA-5B46-4929-BCD2-4E5FDFBC9BC0}.Debug|Any CPU.ActiveCfg = Debug|Any CPU
		{C5E5B8BA-5B46-4929-BCD2-4E5FDFBC9BC0}.Debug|Any CPU.Build.0 = Debug|Any CPU
		{C5E5B8BA-5B46-4929-BCD2-4E5FDFBC9BC0}.Debug|x64.ActiveCfg = Debug|Any CPU
		{C5E5B8BA-5B46-4929-BCD2-4E5FDFBC9BC0}.Debug|x64.Build.0 = Debug|Any CPU
		{C5E5B8BA-5B46-4929-BCD2-4E5FDFBC9BC0}.Debug|x86.ActiveCfg = Debug|Any CPU
		{C5E5B8BA-5B46-4929-BCD2-4E5FDFBC9BC0}.Debug|x86.Build.0 = Debug|Any CPU
		{C5E5B8BA-5B46-4929-BCD2-4E5FDFBC9BC0}.Release|Any CPU.ActiveCfg = Release|Any CPU
		{C5E5B8BA-5B46-4929-BCD2-4E5FDFBC9BC0}.Release|Any CPU.Build.0 = Release|Any CPU
		{C5E5B8BA-5B46-4929-BCD2-4E5FDFBC9BC0}.Release|x64.ActiveCfg = Release|Any CPU
		{C5E5B8BA-5B46-4929-BCD2-4E5FDFBC9BC0}.Release|x64.Build.0 = Release|Any CPU
		{C5E5B8BA-5B46-4929-BCD2-4E5FDFBC9BC0}.Release|x86.ActiveCfg = Release|Any CPU
		{C5E5B8BA-5B46-4929-BCD2-4E5FDFBC9BC0}.Release|x86.Build.0 = Release|Any CPU
		{9A4A2F2D-CB39-4D9B-A530-1DC75FF52B5B}.Debug|Any CPU.ActiveCfg = Debug|Any CPU
		{9A4A2F2D-CB39-4D9B-A530-1DC75FF52B5B}.Debug|Any CPU.Build.0 = Debug|Any CPU
		{9A4A2F2D-CB39-4D9B-A530-1DC75FF52B5B}.Debug|x64.ActiveCfg = Debug|Any CPU
		{9A4A2F2D-CB39-4D9B-A530-1DC75FF52B5B}.Debug|x64.Build.0 = Debug|Any CPU
		{9A4A2F2D-CB39-4D9B-A530-1DC75FF52B5B}.Debug|x86.ActiveCfg = Debug|Any CPU
		{9A4A2F2D-CB39-4D9B-A530-1DC75FF52B5B}.Debug|x86.Build.0 = Debug|Any CPU
		{9A4A2F2D-CB39-4D9B-A530-1DC75FF52B5B}.Release|Any CPU.ActiveCfg = Release|Any CPU
		{9A4A2F2D-CB39-4D9B-A530-1DC75FF52B5B}.Release|Any CPU.Build.0 = Release|Any CPU
		{9A4A2F2D-CB39-4D9B-A530-1DC75FF52B5B}.Release|x64.ActiveCfg = Release|Any CPU
		{9A4A2F2D-CB39-4D9B-A530-1DC75FF52B5B}.Release|x64.Build.0 = Release|Any CPU
		{9A4A2F2D-CB39-4D9B-A530-1DC75FF52B5B}.Release|x86.ActiveCfg = Release|Any CPU
		{9A4A2F2D-CB39-4D9B-A530-1DC75FF52B5B}.Release|x86.Build.0 = Release|Any CPU
		{D6A9AF27-ABB4-4F08-B974-8C05FD4E0490}.Debug|Any CPU.ActiveCfg = Debug|Any CPU
		{D6A9AF27-ABB4-4F08-B974-8C05FD4E0490}.Debug|Any CPU.Build.0 = Debug|Any CPU
		{D6A9AF27-ABB4-4F08-B974-8C05FD4E0490}.Debug|x64.ActiveCfg = Debug|Any CPU
		{D6A9AF27-ABB4-4F08-B974-8C05FD4E0490}.Debug|x64.Build.0 = Debug|Any CPU
		{D6A9AF27-ABB4-4F08-B974-8C05FD4E0490}.Debug|x86.ActiveCfg = Debug|Any CPU
		{D6A9AF27-ABB4-4F08-B974-8C05FD4E0490}.Debug|x86.Build.0 = Debug|Any CPU
		{D6A9AF27-ABB4-4F08-B974-8C05FD4E0490}.Release|Any CPU.ActiveCfg = Release|Any CPU
		{D6A9AF27-ABB4-4F08-B974-8C05FD4E0490}.Release|Any CPU.Build.0 = Release|Any CPU
		{D6A9AF27-ABB4-4F08-B974-8C05FD4E0490}.Release|x64.ActiveCfg = Release|Any CPU
		{D6A9AF27-ABB4-4F08-B974-8C05FD4E0490}.Release|x64.Build.0 = Release|Any CPU
		{D6A9AF27-ABB4-4F08-B974-8C05FD4E0490}.Release|x86.ActiveCfg = Release|Any CPU
		{D6A9AF27-ABB4-4F08-B974-8C05FD4E0490}.Release|x86.Build.0 = Release|Any CPU
	EndGlobalSection
EndGlobal
